
Microsoft Visual Studio Solution File, Format Version 12.00
# Visual Studio 15
VisualStudioVersion = 15.0.27130.2026
MinimumVisualStudioVersion = 10.0.40219.1
Project("{9A19103F-16F7-4668-BE54-9A1E7A4F7556}") = "NOption", "NOption\NOption.csproj", "{D023A786-B0E8-48B6-BDEE-85ADF75B09B0}"
EndProject
Project("{9A19103F-16F7-4668-BE54-9A1E7A4F7556}") = "NOption.Tests", "NOption.Tests\NOption.Tests.csproj", "{62435CC4-6DC7-40FE-B4DF-24712CB6D377}"
EndProject
Global
	GlobalSection(SolutionConfigurationPlatforms) = preSolution
		Debug|Any CPU = Debug|Any CPU
		Release|Any CPU = Release|Any CPU
	EndGlobalSection
	GlobalSection(ProjectConfigurationPlatforms) = postSolution
		{D023A786-B0E8-48B6-BDEE-85ADF75B09B0}.Debug|Any CPU.ActiveCfg = Debug|Any CPU
		{D023A786-B0E8-48B6-BDEE-85ADF75B09B0}.Debug|Any CPU.Build.0 = Debug|Any CPU
		{D023A786-B0E8-48B6-BDEE-85ADF75B09B0}.Release|Any CPU.ActiveCfg = Release|Any CPU
		{D023A786-B0E8-48B6-BDEE-85ADF75B09B0}.Release|Any CPU.Build.0 = Release|Any CPU
		{62435CC4-6DC7-40FE-B4DF-24712CB6D377}.Debug|Any CPU.ActiveCfg = Debug|Any CPU
		{62435CC4-6DC7-40FE-B4DF-24712CB6D377}.Debug|Any CPU.Build.0 = Debug|Any CPU
		{62435CC4-6DC7-40FE-B4DF-24712CB6D377}.Release|Any CPU.ActiveCfg = Release|Any CPU
		{62435CC4-6DC7-40FE-B4DF-24712CB6D377}.Release|Any CPU.Build.0 = Release|Any CPU
	EndGlobalSection
	GlobalSection(SolutionProperties) = preSolution
		HideSolutionNode = FALSE
	EndGlobalSection
	GlobalSection(ExtensibilityGlobals) = postSolution
		SolutionGuid = {0ACC38C6-3C5D-43F3-87BC-CC5970A190F2}
	EndGlobalSection
EndGlobal
